
Microsoft Visual Studio Solution File, Format Version 12.00
# Visual Studio 15
VisualStudioVersion = 15.0.33026.149
MinimumVisualStudioVersion = 10.0.40219.1
Project("{888888A0-9F3D-457C-B088-3A5042F75D52}") = "TorqueAnalisis", "TorqueAnalisis\TorqueAnalisis.pyproj", "{9F97662F-EA80-4D1F-B5B9-8201277D8343}"
EndProject
Global
	GlobalSection(SolutionConfigurationPlatforms) = preSolution
		Debug|Any CPU = Debug|Any CPU
		Release|Any CPU = Release|Any CPU
	EndGlobalSection
	GlobalSection(ProjectConfigurationPlatforms) = postSolution
		{9F97662F-EA80-4D1F-B5B9-8201277D8343}.Debug|Any CPU.ActiveCfg = Debug|Any CPU
		{9F97662F-EA80-4D1F-B5B9-8201277D8343}.Release|Any CPU.ActiveCfg = Release|Any CPU
	EndGlobalSection
	GlobalSection(SolutionProperties) = preSolution
		HideSolutionNode = FALSE
	EndGlobalSection
	GlobalSection(ExtensibilityGlobals) = postSolution
		SolutionGuid = {EFE06FB7-CABB-4D7B-9D83-83FBB8E3AAD8}
	EndGlobalSection
EndGlobal
